
Microsoft Visual Studio Solution File, Format Version 12.00
# Visual Studio 14
VisualStudioVersion = 14.0.25420.1
MinimumVisualStudioVersion = 10.0.40219.1
Project("{FAE04EC0-301F-11D3-BF4B-00C04F79EFBC}") = "Syte", "Syte\Syte.csproj", "{0A980F2F-568E-48A1-9EA7-EA3D0F828697}"
EndProject
Project("{FAE04EC0-301F-11D3-BF4B-00C04F79EFBC}") = "LibarySyte", "LibarySyte\LibarySyte.csproj", "{BDF6D100-DC15-464E-A5ED-2009329C1BF9}"
EndProject
Global
	GlobalSection(SolutionConfigurationPlatforms) = preSolution
		Debug|Any CPU = Debug|Any CPU
		Release|Any CPU = Release|Any CPU
	EndGlobalSection
	GlobalSection(ProjectConfigurationPlatforms) = postSolution
		{0A980F2F-568E-48A1-9EA7-EA3D0F828697}.Debug|Any CPU.ActiveCfg = Debug|Any CPU
		{0A980F2F-568E-48A1-9EA7-EA3D0F828697}.Debug|Any CPU.Build.0 = Debug|Any CPU
		{0A980F2F-568E-48A1-9EA7-EA3D0F828697}.Release|Any CPU.ActiveCfg = Release|Any CPU
		{0A980F2F-568E-48A1-9EA7-EA3D0F828697}.Release|Any CPU.Build.0 = Release|Any CPU
		{BDF6D100-DC15-464E-A5ED-2009329C1BF9}.Debug|Any CPU.ActiveCfg = Debug|Any CPU
		{BDF6D100-DC15-464E-A5ED-2009329C1BF9}.Debug|Any CPU.Build.0 = Debug|Any CPU
		{BDF6D100-DC15-464E-A5ED-2009329C1BF9}.Release|Any CPU.ActiveCfg = Release|Any CPU
		{BDF6D100-DC15-464E-A5ED-2009329C1BF9}.Release|Any CPU.Build.0 = Release|Any CPU
	EndGlobalSection
	GlobalSection(SolutionProperties) = preSolution
		HideSolutionNode = FALSE
	EndGlobalSection
EndGlobal
